
Microsoft Visual Studio Solution File, Format Version 12.00
# Visual Studio 14
VisualStudioVersion = 14.0.25420.1
MinimumVisualStudioVersion = 10.0.40219.1
Project("{FAE04EC0-301F-11D3-BF4B-00C04F79EFBC}") = "BiBsps", "BiBsps\BiBsps.csproj", "{90962160-0E67-4467-94F1-60B312902206}"
EndProject
Project("{FAE04EC0-301F-11D3-BF4B-00C04F79EFBC}") = "BiBspsUnitTest", "BiBspsUnitTest\BiBspsUnitTest.csproj", "{194D57B1-4E91-4FD3-AFE0-DC545E8DB6F7}"
EndProject
Global
	GlobalSection(SolutionConfigurationPlatforms) = preSolution
		Debug|Any CPU = Debug|Any CPU
		Release|Any CPU = Release|Any CPU
	EndGlobalSection
	GlobalSection(ProjectConfigurationPlatforms) = postSolution
		{90962160-0E67-4467-94F1-60B312902206}.Debug|Any CPU.ActiveCfg = Debug|Any CPU
		{90962160-0E67-4467-94F1-60B312902206}.Debug|Any CPU.Build.0 = Debug|Any CPU
		{90962160-0E67-4467-94F1-60B312902206}.Release|Any CPU.ActiveCfg = Release|Any CPU
		{90962160-0E67-4467-94F1-60B312902206}.Release|Any CPU.Build.0 = Release|Any CPU
		{194D57B1-4E91-4FD3-AFE0-DC545E8DB6F7}.Debug|Any CPU.ActiveCfg = Debug|Any CPU
		{194D57B1-4E91-4FD3-AFE0-DC545E8DB6F7}.Debug|Any CPU.Build.0 = Debug|Any CPU
		{194D57B1-4E91-4FD3-AFE0-DC545E8DB6F7}.Release|Any CPU.ActiveCfg = Release|Any CPU
		{194D57B1-4E91-4FD3-AFE0-DC545E8DB6F7}.Release|Any CPU.Build.0 = Release|Any CPU
	EndGlobalSection
	GlobalSection(SolutionProperties) = preSolution
		HideSolutionNode = FALSE
	EndGlobalSection
EndGlobal
